// !$*UTF8*$!
{
	archiveVersion = 1;
	classes = {
	};
	objectVersion = 50;
	objects = {

/* Begin PBXBuildFile section */
		FEAC65F7215526660027A439 /* main.cpp in Sources */ = {isa = PBXBuildFile; fileRef = FEAC65F6215526660027A439 /* main.cpp */; };
		FEAC6602215528620027A439 /* libopencv_core.3.4.1.dylib in Frameworks */ = {isa = PBXBuildFile; fileRef = FEAC65FE215528620027A439 /* libopencv_core.3.4.1.dylib */; };
		FEAC6603215528620027A439 /* libopencv_highgui.3.4.1.dylib in Frameworks */ = {isa = PBXBuildFile; fileRef = FEAC65FF215528620027A439 /* libopencv_highgui.3.4.1.dylib */; };
		FEAC6604215528620027A439 /* libopencv_imgcodecs.3.4.1.dylib in Frameworks */ = {isa = PBXBuildFile; fileRef = FEAC6600215528620027A439 /* libopencv_imgcodecs.3.4.1.dylib */; };
		FEAC6605215528620027A439 /* libopencv_imgproc.3.4.1.dylib in Frameworks */ = {isa = PBXBuildFile; fileRef = FEAC6601215528620027A439 /* libopencv_imgproc.3.4.1.dylib */; };
		FEAC660D21552ECB0027A439 /* matrix.cpp in Sources */ = {isa = PBXBuildFile; fileRef = FEAC660B21552ECB0027A439 /* matrix.cpp */; };
		FEAC661221553DB90027A439 /* dataSet.cpp in Sources */ = {isa = PBXBuildFile; fileRef = FEAC661021553DB90027A439 /* dataSet.cpp */; };
		FEAC662A215552250027A439 /* imageDataSet.cpp in Sources */ = {isa = PBXBuildFile; fileRef = FEAC6628215552250027A439 /* imageDataSet.cpp */; };
		FEAC662F215648040027A439 /* wMatrix.cpp in Sources */ = {isa = PBXBuildFile; fileRef = FEAC662D215648040027A439 /* wMatrix.cpp */; };
/* End PBXBuildFile section */

/* Begin PBXCopyFilesBuildPhase section */
		FEAC65F1215526660027A439 /* CopyFiles */ = {
			isa = PBXCopyFilesBuildPhase;
			buildActionMask = 2147483647;
			dstPath = /usr/share/man/man1/;
			dstSubfolderSpec = 0;
			files = (
			);
			runOnlyForDeploymentPostprocessing = 1;
		};
/* End PBXCopyFilesBuildPhase section */

/* Begin PBXFileReference section */
		FEAC65F3215526660027A439 /* hopfield network */ = {isa = PBXFileReference; explicitFileType = "compiled.mach-o.executable"; includeInIndex = 0; path = "hopfield network"; sourceTree = BUILT_PRODUCTS_DIR; };
		FEAC65F6215526660027A439 /* main.cpp */ = {isa = PBXFileReference; lastKnownFileType = sourcecode.cpp.cpp; path = main.cpp; sourceTree = "<group>"; };
		FEAC65FE215528620027A439 /* libopencv_core.3.4.1.dylib */ = {isa = PBXFileReference; lastKnownFileType = "compiled.mach-o.dylib"; name = libopencv_core.3.4.1.dylib; path = ../../../../../usr/local/Cellar/opencv/3.4.1_5/lib/libopencv_core.3.4.1.dylib; sourceTree = "<group>"; };
		FEAC65FF215528620027A439 /* libopencv_highgui.3.4.1.dylib */ = {isa = PBXFileReference; lastKnownFileType = "compiled.mach-o.dylib"; name = libopencv_highgui.3.4.1.dylib; path = ../../../../../usr/local/Cellar/opencv/3.4.1_5/lib/libopencv_highgui.3.4.1.dylib; sourceTree = "<group>"; };
		FEAC6600215528620027A439 /* libopencv_imgcodecs.3.4.1.dylib */ = {isa = PBXFileReference; lastKnownFileType = "compiled.mach-o.dylib"; name = libopencv_imgcodecs.3.4.1.dylib; path = ../../../../../usr/local/Cellar/opencv/3.4.1_5/lib/libopencv_imgcodecs.3.4.1.dylib; sourceTree = "<group>"; };
		FEAC6601215528620027A439 /* libopencv_imgproc.3.4.1.dylib */ = {isa = PBXFileReference; lastKnownFileType = "compiled.mach-o.dylib"; name = libopencv_imgproc.3.4.1.dylib; path = ../../../../../usr/local/Cellar/opencv/3.4.1_5/lib/libopencv_imgproc.3.4.1.dylib; sourceTree = "<group>"; };
		FEAC660B21552ECB0027A439 /* matrix.cpp */ = {isa = PBXFileReference; lastKnownFileType = sourcecode.cpp.cpp; path = matrix.cpp; sourceTree = "<group>"; };
		FEAC660C21552ECB0027A439 /* matrix.hpp */ = {isa = PBXFileReference; lastKnownFileType = sourcecode.cpp.h; path = matrix.hpp; sourceTree = "<group>"; };
		FEAC661021553DB90027A439 /* dataSet.cpp */ = {isa = PBXFileReference; lastKnownFileType = sourcecode.cpp.cpp; path = dataSet.cpp; sourceTree = "<group>"; };
		FEAC661121553DB90027A439 /* dataSet.hpp */ = {isa = PBXFileReference; lastKnownFileType = sourcecode.cpp.h; path = dataSet.hpp; sourceTree = "<group>"; };
		FEAC661D21554A6C0027A439 /* 9.jpg */ = {isa = PBXFileReference; lastKnownFileType = image.jpeg; path = 9.jpg; sourceTree = "<group>"; };
		FEAC661E21554A6D0027A439 /* 4.jpg */ = {isa = PBXFileReference; lastKnownFileType = image.jpeg; path = 4.jpg; sourceTree = "<group>"; };
		FEAC661F21554A6D0027A439 /* 2.jpg */ = {isa = PBXFileReference; lastKnownFileType = image.jpeg; path = 2.jpg; sourceTree = "<group>"; };
		FEAC662021554A6D0027A439 /* 6.jpg */ = {isa = PBXFileReference; lastKnownFileType = image.jpeg; path = 6.jpg; sourceTree = "<group>"; };
		FEAC662121554A6E0027A439 /* 1.jpg */ = {isa = PBXFileReference; lastKnownFileType = image.jpeg; path = 1.jpg; sourceTree = "<group>"; };
		FEAC662221554A6E0027A439 /* 5.jpg */ = {isa = PBXFileReference; lastKnownFileType = image.jpeg; path = 5.jpg; sourceTree = "<group>"; };
		FEAC662321554A6E0027A439 /* 7.jpg */ = {isa = PBXFileReference; lastKnownFileType = image.jpeg; path = 7.jpg; sourceTree = "<group>"; };
		FEAC662421554A6F0027A439 /* 8.jpg */ = {isa = PBXFileReference; lastKnownFileType = image.jpeg; path = 8.jpg; sourceTree = "<group>"; };
		FEAC662521554A6F0027A439 /* 3.jpg */ = {isa = PBXFileReference; lastKnownFileType = image.jpeg; path = 3.jpg; sourceTree = "<group>"; };
		FEAC662621554A700027A439 /* 0.jpg */ = {isa = PBXFileReference; lastKnownFileType = image.jpeg; path = 0.jpg; sourceTree = "<group>"; };
		FEAC6628215552250027A439 /* imageDataSet.cpp */ = {isa = PBXFileReference; lastKnownFileType = sourcecode.cpp.cpp; path = imageDataSet.cpp; sourceTree = "<group>"; };
		FEAC6629215552250027A439 /* imageDataSet.hpp */ = {isa = PBXFileReference; lastKnownFileType = sourcecode.cpp.h; path = imageDataSet.hpp; sourceTree = "<group>"; };
		FEAC662D215648040027A439 /* wMatrix.cpp */ = {isa = PBXFileReference; lastKnownFileType = sourcecode.cpp.cpp; path = wMatrix.cpp; sourceTree = "<group>"; };
		FEAC662E215648040027A439 /* wMatrix.hpp */ = {isa = PBXFileReference; lastKnownFileType = sourcecode.cpp.h; path = wMatrix.hpp; sourceTree = "<group>"; };
		FEAC663021565D660027A439 /* 3.jpg */ = {isa = PBXFileReference; lastKnownFileType = image.jpeg; path = 3.jpg; sourceTree = "<group>"; };
		FEAC663121565D660027A439 /* 0.jpg */ = {isa = PBXFileReference; lastKnownFileType = image.jpeg; path = 0.jpg; sourceTree = "<group>"; };
		FEAC663221565D660027A439 /* 6.jpg */ = {isa = PBXFileReference; lastKnownFileType = image.jpeg; path = 6.jpg; sourceTree = "<group>"; };
		FEAC663321565D660027A439 /* 1.jpg */ = {isa = PBXFileReference; lastKnownFileType = image.jpeg; path = 1.jpg; sourceTree = "<group>"; };
		FEAC663421565D660027A439 /* 2.jpg */ = {isa = PBXFileReference; lastKnownFileType = image.jpeg; path = 2.jpg; sourceTree = "<group>"; };
		FEAC663521565D660027A439 /* 4.jpg */ = {isa = PBXFileReference; lastKnownFileType = image.jpeg; path = 4.jpg; sourceTree = "<group>"; };
		FEAC663621565D660027A439 /* 7.jpg */ = {isa = PBXFileReference; lastKnownFileType = image.jpeg; path = 7.jpg; sourceTree = "<group>"; };
		FEAC663721565D660027A439 /* 8.jpg */ = {isa = PBXFileReference; lastKnownFileType = image.jpeg; path = 8.jpg; sourceTree = "<group>"; };
		FEAC663821565D660027A439 /* 9.jpg */ = {isa = PBXFileReference; lastKnownFileType = image.jpeg; path = 9.jpg; sourceTree = "<group>"; };
		FEAC663921565D660027A439 /* 5.jpg */ = {isa = PBXFileReference; lastKnownFileType = image.jpeg; path = 5.jpg; sourceTree = "<group>"; };
/* End PBXFileReference section */

/* Begin PBXFrameworksBuildPhase section */
		FEAC65F0215526660027A439 /* Frameworks */ = {
			isa = PBXFrameworksBuildPhase;
			buildActionMask = 2147483647;
			files = (
				FEAC6602215528620027A439 /* libopencv_core.3.4.1.dylib in Frameworks */,
				FEAC6603215528620027A439 /* libopencv_highgui.3.4.1.dylib in Frameworks */,
				FEAC6604215528620027A439 /* libopencv_imgcodecs.3.4.1.dylib in Frameworks */,
				FEAC6605215528620027A439 /* libopencv_imgproc.3.4.1.dylib in Frameworks */,
			);
			runOnlyForDeploymentPostprocessing = 0;
		};
/* End PBXFrameworksBuildPhase section */

/* Begin PBXGroup section */
		FEAC65EA215526660027A439 = {
			isa = PBXGroup;
			children = (
				FEAC65F5215526660027A439 /* hopfield network */,
				FEAC65F4215526660027A439 /* Products */,
				FEAC65FD215528610027A439 /* Frameworks */,
			);
			sourceTree = "<group>";
		};
		FEAC65F4215526660027A439 /* Products */ = {
			isa = PBXGroup;
			children = (
				FEAC65F3215526660027A439 /* hopfield network */,
			);
			name = Products;
			sourceTree = "<group>";
		};
		FEAC65F5215526660027A439 /* hopfield network */ = {
			isa = PBXGroup;
			children = (
				FEAC65F6215526660027A439 /* main.cpp */,
				FEAC660F21553D780027A439 /* dataSet */,
				FEAC660A21552E8A0027A439 /* matrix */,
				FEAC6606215528BA0027A439 /* resursis */,
			);
			path = "hopfield network";
			sourceTree = "<group>";
		};
		FEAC65FD215528610027A439 /* Frameworks */ = {
			isa = PBXGroup;
			children = (
				FEAC65FE215528620027A439 /* libopencv_core.3.4.1.dylib */,
				FEAC65FF215528620027A439 /* libopencv_highgui.3.4.1.dylib */,
				FEAC6600215528620027A439 /* libopencv_imgcodecs.3.4.1.dylib */,
				FEAC6601215528620027A439 /* libopencv_imgproc.3.4.1.dylib */,
			);
			name = Frameworks;
			sourceTree = "<group>";
		};
		FEAC6606215528BA0027A439 /* resursis */ = {
			isa = PBXGroup;
			children = (
				FEAC660921552A330027A439 /* dataTest */,
				FEAC6607215529A40027A439 /* DataTren */,
			);
			path = resursis;
			sourceTree = "<group>";
		};
		FEAC6607215529A40027A439 /* DataTren */ = {
			isa = PBXGroup;
			children = (
				FEAC662621554A700027A439 /* 0.jpg */,
				FEAC662121554A6E0027A439 /* 1.jpg */,
				FEAC661F21554A6D0027A439 /* 2.jpg */,
				FEAC662521554A6F0027A439 /* 3.jpg */,
				FEAC661E21554A6D0027A439 /* 4.jpg */,
				FEAC662221554A6E0027A439 /* 5.jpg */,
				FEAC662021554A6D0027A439 /* 6.jpg */,
				FEAC662321554A6E0027A439 /* 7.jpg */,
				FEAC662421554A6F0027A439 /* 8.jpg */,
				FEAC661D21554A6C0027A439 /* 9.jpg */,
			);
			path = DataTren;
			sourceTree = "<group>";
		};
		FEAC660921552A330027A439 /* dataTest */ = {
			isa = PBXGroup;
			children = (
				FEAC663121565D660027A439 /* 0.jpg */,
				FEAC663321565D660027A439 /* 1.jpg */,
				FEAC663421565D660027A439 /* 2.jpg */,
				FEAC663021565D660027A439 /* 3.jpg */,
				FEAC663521565D660027A439 /* 4.jpg */,
				FEAC663921565D660027A439 /* 5.jpg */,
				FEAC663221565D660027A439 /* 6.jpg */,
				FEAC663621565D660027A439 /* 7.jpg */,
				FEAC663721565D660027A439 /* 8.jpg */,
				FEAC663821565D660027A439 /* 9.jpg */,
			);
			path = dataTest;
			sourceTree = "<group>";
		};
		FEAC660A21552E8A0027A439 /* matrix */ = {
			isa = PBXGroup;
			children = (
				FEAC662C215647D80027A439 /* w_matrix */,
				FEAC660B21552ECB0027A439 /* matrix.cpp */,
				FEAC660C21552ECB0027A439 /* matrix.hpp */,
			);
			path = matrix;
			sourceTree = "<group>";
		};
		FEAC660F21553D780027A439 /* dataSet */ = {
			isa = PBXGroup;
			children = (
				FEAC6627215551E80027A439 /* imageDataSet */,
				FEAC661021553DB90027A439 /* dataSet.cpp */,
				FEAC661121553DB90027A439 /* dataSet.hpp */,
			);
			path = dataSet;
			sourceTree = "<group>";
		};
		FEAC6627215551E80027A439 /* imageDataSet */ = {
			isa = PBXGroup;
			children = (
				FEAC6628215552250027A439 /* imageDataSet.cpp */,
				FEAC6629215552250027A439 /* imageDataSet.hpp */,
			);
			path = imageDataSet;
			sourceTree = "<group>";
		};
		FEAC662C215647D80027A439 /* w_matrix */ = {
			isa = PBXGroup;
			children = (
				FEAC662D215648040027A439 /* wMatrix.cpp */,
				FEAC662E215648040027A439 /* wMatrix.hpp */,
			);
			path = w_matrix;
			sourceTree = "<group>";
		};
/* End PBXGroup section */

/* Begin PBXNativeTarget section */
		FEAC65F2215526660027A439 /* hopfield network */ = {
			isa = PBXNativeTarget;
			buildConfigurationList = FEAC65FA215526660027A439 /* Build configuration list for PBXNativeTarget "hopfield network" */;
			buildPhases = (
				FEAC65EF215526660027A439 /* Sources */,
				FEAC65F0215526660027A439 /* Frameworks */,
				FEAC65F1215526660027A439 /* CopyFiles */,
			);
			buildRules = (
			);
			dependencies = (
			);
			name = "hopfield network";
			productName = "hopfield network";
			productReference = FEAC65F3215526660027A439 /* hopfield network */;
			productType = "com.apple.product-type.tool";
		};
/* End PBXNativeTarget section */

/* Begin PBXProject section */
		FEAC65EB215526660027A439 /* Project object */ = {
			isa = PBXProject;
			attributes = {
				LastUpgradeCheck = 1000;
				ORGANIZATIONNAME = "Артём Семёнов";
				TargetAttributes = {
					FEAC65F2215526660027A439 = {
						CreatedOnToolsVersion = 10.0;
					};
				};
			};
			buildConfigurationList = FEAC65EE215526660027A439 /* Build configuration list for PBXProject "hopfield network" */;
			compatibilityVersion = "Xcode 9.3";
			developmentRegion = en;
			hasScannedForEncodings = 0;
			knownRegions = (
				en,
			);
			mainGroup = FEAC65EA215526660027A439;
			productRefGroup = FEAC65F4215526660027A439 /* Products */;
			projectDirPath = "";
			projectRoot = "";
			targets = (
				FEAC65F2215526660027A439 /* hopfield network */,
			);
		};
/* End PBXProject section */

/* Begin PBXSourcesBuildPhase section */
		FEAC65EF215526660027A439 /* Sources */ = {
			isa = PBXSourcesBuildPhase;
			buildActionMask = 2147483647;
			files = (
				FEAC660D21552ECB0027A439 /* matrix.cpp in Sources */,
				FEAC65F7215526660027A439 /* main.cpp in Sources */,
				FEAC662A215552250027A439 /* imageDataSet.cpp in Sources */,
				FEAC661221553DB90027A439 /* dataSet.cpp in Sources */,
				FEAC662F215648040027A439 /* wMatrix.cpp in Sources */,
			);
			runOnlyForDeploymentPostprocessing = 0;
		};
/* End PBXSourcesBuildPhase section */

/* Begin XCBuildConfiguration section */
		FEAC65F8215526660027A439 /* Debug */ = {
			isa = XCBuildConfiguration;
			buildSettings = {
				ALWAYS_SEARCH_USER_PATHS = NO;
				CLANG_ANALYZER_NONNULL = YES;
				CLANG_ANALYZER_NUMBER_OBJECT_CONVERSION = YES_AGGRESSIVE;
				CLANG_CXX_LANGUAGE_STANDARD = "gnu++14";
				CLANG_CXX_LIBRARY = "libc++";
				CLANG_ENABLE_MODULES = YES;
				CLANG_ENABLE_OBJC_ARC = YES;
				CLANG_ENABLE_OBJC_WEAK = YES;
				CLANG_WARN_BLOCK_CAPTURE_AUTORELEASING = YES;
				CLANG_WARN_BOOL_CONVERSION = YES;
				CLANG_WARN_COMMA = YES;
				CLANG_WARN_CONSTANT_CONVERSION = YES;
				CLANG_WARN_DEPRECATED_OBJC_IMPLEMENTATIONS = YES;
				CLANG_WARN_DIRECT_OBJC_ISA_USAGE = YES_ERROR;
				CLANG_WARN_DOCUMENTATION_COMMENTS = NO;
				CLANG_WARN_EMPTY_BODY = YES;
				CLANG_WARN_ENUM_CONVERSION = YES;
				CLANG_WARN_INFINITE_RECURSION = YES;
				CLANG_WARN_INT_CONVERSION = YES;
				CLANG_WARN_NON_LITERAL_NULL_CONVERSION = YES;
				CLANG_WARN_OBJC_IMPLICIT_RETAIN_SELF = YES;
				CLANG_WARN_OBJC_LITERAL_CONVERSION = YES;
				CLANG_WARN_OBJC_ROOT_CLASS = YES_ERROR;
				CLANG_WARN_RANGE_LOOP_ANALYSIS = YES;
				CLANG_WARN_STRICT_PROTOTYPES = YES;
				CLANG_WARN_SUSPICIOUS_MOVE = YES;
				CLANG_WARN_UNGUARDED_AVAILABILITY = YES_AGGRESSIVE;
				CLANG_WARN_UNREACHABLE_CODE = YES;
				CLANG_WARN__DUPLICATE_METHOD_MATCH = YES;
				CODE_SIGN_IDENTITY = "-";
				COPY_PHASE_STRIP = NO;
				DEBUG_INFORMATION_FORMAT = dwarf;
				ENABLE_STRICT_OBJC_MSGSEND = YES;
				ENABLE_TESTABILITY = YES;
				GCC_C_LANGUAGE_STANDARD = gnu11;
				GCC_DYNAMIC_NO_PIC = NO;
				GCC_NO_COMMON_BLOCKS = YES;
				GCC_OPTIMIZATION_LEVEL = 0;
				GCC_PREPROCESSOR_DEFINITIONS = (
					"DEBUG=1",
					"$(inherited)",
				);
				GCC_WARN_64_TO_32_BIT_CONVERSION = YES;
				GCC_WARN_ABOUT_RETURN_TYPE = YES_ERROR;
				GCC_WARN_UNDECLARED_SELECTOR = YES;
				GCC_WARN_UNINITIALIZED_AUTOS = YES_AGGRESSIVE;
				GCC_WARN_UNUSED_FUNCTION = YES;
				GCC_WARN_UNUSED_VARIABLE = YES;
				HEADER_SEARCH_PATHS = /usr/local/include/;
				MACOSX_DEPLOYMENT_TARGET = 10.14;
				MTL_ENABLE_DEBUG_INFO = INCLUDE_SOURCE;
				MTL_FAST_MATH = YES;
				ONLY_ACTIVE_ARCH = YES;
				SDKROOT = macosx;
			};
			name = Debug;
		};
		FEAC65F9215526660027A439 /* Release */ = {
			isa = XCBuildConfiguration;
			buildSettings = {
				ALWAYS_SEARCH_USER_PATHS = NO;
				CLANG_ANALYZER_NONNULL = YES;
				CLANG_ANALYZER_NUMBER_OBJECT_CONVERSION = YES_AGGRESSIVE;
				CLANG_CXX_LANGUAGE_STANDARD = "gnu++14";
				CLANG_CXX_LIBRARY = "libc++";
				CLANG_ENABLE_MODULES = YES;
				CLANG_ENABLE_OBJC_ARC = YES;
				CLANG_ENABLE_OBJC_WEAK = YES;
				CLANG_WARN_BLOCK_CAPTURE_AUTORELEASING = YES;
				CLANG_WARN_BOOL_CONVERSION = YES;
				CLANG_WARN_COMMA = YES;
				CLANG_WARN_CONSTANT_CONVERSION = YES;
				CLANG_WARN_DEPRECATED_OBJC_IMPLEMENTATIONS = YES;
				CLANG_WARN_DIRECT_OBJC_ISA_USAGE = YES_ERROR;
				CLANG_WARN_DOCUMENTATION_COMMENTS = NO;
				CLANG_WARN_EMPTY_BODY = YES;
				CLANG_WARN_ENUM_CONVERSION = YES;
				CLANG_WARN_INFINITE_RECURSION = YES;
				CLANG_WARN_INT_CONVERSION = YES;
				CLANG_WARN_NON_LITERAL_NULL_CONVERSION = YES;
				CLANG_WARN_OBJC_IMPLICIT_RETAIN_SELF = YES;
				CLANG_WARN_OBJC_LITERAL_CONVERSION = YES;
				CLANG_WARN_OBJC_ROOT_CLASS = YES_ERROR;
				CLANG_WARN_RANGE_LOOP_ANALYSIS = YES;
				CLANG_WARN_STRICT_PROTOTYPES = YES;
				CLANG_WARN_SUSPICIOUS_MOVE = YES;
				CLANG_WARN_UNGUARDED_AVAILABILITY = YES_AGGRESSIVE;
				CLANG_WARN_UNREACHABLE_CODE = YES;
				CLANG_WARN__DUPLICATE_METHOD_MATCH = YES;
				CODE_SIGN_IDENTITY = "-";
				COPY_PHASE_STRIP = NO;
				DEBUG_INFORMATION_FORMAT = "dwarf-with-dsym";
				ENABLE_NS_ASSERTIONS = NO;
				ENABLE_STRICT_OBJC_MSGSEND = YES;
				GCC_C_LANGUAGE_STANDARD = gnu11;
				GCC_NO_COMMON_BLOCKS = YES;
				GCC_WARN_64_TO_32_BIT_CONVERSION = YES;
				GCC_WARN_ABOUT_RETURN_TYPE = YES_ERROR;
				GCC_WARN_UNDECLARED_SELECTOR = YES;
				GCC_WARN_UNINITIALIZED_AUTOS = YES_AGGRESSIVE;
				GCC_WARN_UNUSED_FUNCTION = YES;
				GCC_WARN_UNUSED_VARIABLE = YES;
				HEADER_SEARCH_PATHS = /usr/local/include/;
				MACOSX_DEPLOYMENT_TARGET = 10.14;
				MTL_ENABLE_DEBUG_INFO = NO;
				MTL_FAST_MATH = YES;
				SDKROOT = macosx;
			};
			name = Release;
		};
		FEAC65FB215526660027A439 /* Debug */ = {
			isa = XCBuildConfiguration;
			buildSettings = {
				CLANG_WARN_DOCUMENTATION_COMMENTS = NO;
				CODE_SIGN_STYLE = Automatic;
				HEADER_SEARCH_PATHS = /usr/local/include/;
				LIBRARY_SEARCH_PATHS = (
					"$(inherited)",
					/usr/local/Cellar/opencv/3.4.1_5/lib,
				);
				PRODUCT_NAME = "$(TARGET_NAME)";
			};
			name = Debug;
		};
		FEAC65FC215526660027A439 /* Release */ = {
			isa = XCBuildConfiguration;
			buildSettings = {
				CLANG_WARN_DOCUMENTATION_COMMENTS = NO;
				CODE_SIGN_STYLE = Automatic;
				HEADER_SEARCH_PATHS = /usr/local/include/;
				LIBRARY_SEARCH_PATHS = (
					"$(inherited)",
					/usr/local/Cellar/opencv/3.4.1_5/lib,
				);
				PRODUCT_NAME = "$(TARGET_NAME)";
			};
			name = Release;
		};
/* End XCBuildConfiguration section */

/* Begin XCConfigurationList section */
		FEAC65EE215526660027A439 /* Build configuration list for PBXProject "hopfield network" */ = {
			isa = XCConfigurationList;
			buildConfigurations = (
				FEAC65F8215526660027A439 /* Debug */,
				FEAC65F9215526660027A439 /* Release */,
			);
			defaultConfigurationIsVisible = 0;
			defaultConfigurationName = Release;
		};
		FEAC65FA215526660027A439 /* Build configuration list for PBXNativeTarget "hopfield network" */ = {
			isa = XCConfigurationList;
			buildConfigurations = (
				FEAC65FB215526660027A439 /* Debug */,
				FEAC65FC215526660027A439 /* Release */,
			);
			defaultConfigurationIsVisible = 0;
			defaultConfigurationName = Release;
		};
/* End XCConfigurationList section */
	};
	rootObject = FEAC65EB215526660027A439 /* Project object */;
}
